
Microsoft Visual Studio Solution File, Format Version 12.00
# Visual Studio Version 16
VisualStudioVersion = 16.0.29609.76
MinimumVisualStudioVersion = 10.0.40219.1
Project("{FAE04EC0-301F-11D3-BF4B-00C04F79EFBC}") = "Patterns_Builder", "Patterns_Builder\Patterns_Builder.csproj", "{D10064CC-8BBA-4998-B9BF-123F7D048B43}"
EndProject
Global
	GlobalSection(SolutionConfigurationPlatforms) = preSolution
		Debug|Any CPU = Debug|Any CPU
		Release|Any CPU = Release|Any CPU
	EndGlobalSection
	GlobalSection(ProjectConfigurationPlatforms) = postSolution
		{D10064CC-8BBA-4998-B9BF-123F7D048B43}.Debug|Any CPU.ActiveCfg = Debug|Any CPU
		{D10064CC-8BBA-4998-B9BF-123F7D048B43}.Debug|Any CPU.Build.0 = Debug|Any CPU
		{D10064CC-8BBA-4998-B9BF-123F7D048B43}.Release|Any CPU.ActiveCfg = Release|Any CPU
		{D10064CC-8BBA-4998-B9BF-123F7D048B43}.Release|Any CPU.Build.0 = Release|Any CPU
	EndGlobalSection
	GlobalSection(SolutionProperties) = preSolution
		HideSolutionNode = FALSE
	EndGlobalSection
	GlobalSection(ExtensibilityGlobals) = postSolution
		SolutionGuid = {DFACEAA7-05C7-48D7-856D-DDDE48CA9768}
	EndGlobalSection
EndGlobal
