
Microsoft Visual Studio Solution File, Format Version 12.00
# Visual Studio Version 16
VisualStudioVersion = 16.0.29609.76
MinimumVisualStudioVersion = 10.0.40219.1
Project("{FAE04EC0-301F-11D3-BF4B-00C04F79EFBC}") = "Patterns_Proxy", "Patterns_Proxy\Patterns_Proxy.csproj", "{08222BBD-49B7-470F-A258-84DFB2C73513}"
EndProject
Global
	GlobalSection(SolutionConfigurationPlatforms) = preSolution
		Debug|Any CPU = Debug|Any CPU
		Release|Any CPU = Release|Any CPU
	EndGlobalSection
	GlobalSection(ProjectConfigurationPlatforms) = postSolution
		{08222BBD-49B7-470F-A258-84DFB2C73513}.Debug|Any CPU.ActiveCfg = Debug|Any CPU
		{08222BBD-49B7-470F-A258-84DFB2C73513}.Debug|Any CPU.Build.0 = Debug|Any CPU
		{08222BBD-49B7-470F-A258-84DFB2C73513}.Release|Any CPU.ActiveCfg = Release|Any CPU
		{08222BBD-49B7-470F-A258-84DFB2C73513}.Release|Any CPU.Build.0 = Release|Any CPU
	EndGlobalSection
	GlobalSection(SolutionProperties) = preSolution
		HideSolutionNode = FALSE
	EndGlobalSection
	GlobalSection(ExtensibilityGlobals) = postSolution
		SolutionGuid = {C7FBCD45-0EB2-4E61-AB8C-8F23DEC8A079}
	EndGlobalSection
EndGlobal
